
Microsoft Visual Studio Solution File, Format Version 12.00
# Visual Studio Version 18
VisualStudioVersion = 18.0.11121.172
MinimumVisualStudioVersion = 10.0.40219.1
Project("{2150E333-8FDC-42A3-9474-1A3956D46DE8}") = "ProductsService", "ProductsService", "{02EA681E-C7D8-13C7-8484-4AC65E1B71E8}"
EndProject
Project("{2150E333-8FDC-42A3-9474-1A3956D46DE8}") = "ListingService", "ListingService", "{F37A72E5-1150-4CCB-B4DC-83691A440C07}"
EndProject
Project("{2150E333-8FDC-42A3-9474-1A3956D46DE8}") = "NotificationService", "NotificationService", "{EFBF4086-1D1C-474B-B4FB-09BD0BBABC47}"
EndProject
Project("{2150E333-8FDC-42A3-9474-1A3956D46DE8}") = "PaymentsService", "PaymentsService", "{58280A69-6B59-4AD7-9A16-DE664F1ABFB9}"
EndProject
Project("{2150E333-8FDC-42A3-9474-1A3956D46DE8}") = "SalesService", "SalesService", "{14571FF2-9427-41AC-B3AE-3D557F483D12}"
EndProject
Project("{2150E333-8FDC-42A3-9474-1A3956D46DE8}") = "UserService", "UserService", "{0342BD75-4638-49A4-99EB-1440289EBD35}"
EndProject
Project("{2150E333-8FDC-42A3-9474-1A3956D46DE8}") = "Shared.Contracts", "Shared.Contracts", "{05014CA9-555E-4DF8-955A-E7DB6D6F6682}"
EndProject
Project("{FAE04EC0-301F-11D3-BF4B-00C04F79EFBC}") = "ListingService.Api", "ListingService\src\ListingService.Api\ListingService.Api.csproj", "{5A01A667-93E5-6866-20FA-A61375223A23}"
EndProject
Project("{FAE04EC0-301F-11D3-BF4B-00C04F79EFBC}") = "ListingService.App", "ListingService\src\ListingService.App\ListingService.App.csproj", "{211A9FB3-A2DD-47FE-23FD-FDA82CE2F58A}"
EndProject
Project("{FAE04EC0-301F-11D3-BF4B-00C04F79EFBC}") = "ListingService.Domain", "ListingService\src\ListingService.Domain\ListingService.Domain.csproj", "{39E09B83-CA07-9ED5-BDF1-1DBD4901A639}"
EndProject
Project("{FAE04EC0-301F-11D3-BF4B-00C04F79EFBC}") = "ListingService.Infra", "ListingService\src\ListingService.Infra\ListingService.Infra.csproj", "{7FBDFF50-EE19-E29E-1A28-781E9416FE5E}"
EndProject
Project("{FAE04EC0-301F-11D3-BF4B-00C04F79EFBC}") = "ListingService.Contracts", "ListingService\src\ListingService.Contracts\ListingService.Contracts.csproj", "{F29DBFFC-2D76-AC09-12A0-3F07EEF40C5F}"
EndProject
Project("{FAE04EC0-301F-11D3-BF4B-00C04F79EFBC}") = "ListingService.Domain.Tests", "ListingService\tests\ListingService.Domain.Tests\ListingService.Domain.Tests.csproj", "{738A4C89-8B1D-EF1F-4969-09B982BFFCC0}"
EndProject
Project("{FAE04EC0-301F-11D3-BF4B-00C04F79EFBC}") = "NotificationService.API", "NotificationService\src\NotificationService.API\NotificationService.API.csproj", "{7F77D144-761E-BADF-560A-F5D13B8F9277}"
EndProject
Project("{FAE04EC0-301F-11D3-BF4B-00C04F79EFBC}") = "NotificationService.App", "NotificationService\src\NotificationService.App\NotificationService.App.csproj", "{FB1A253A-9628-FD32-CC00-E6A5795F62A3}"
EndProject
Project("{FAE04EC0-301F-11D3-BF4B-00C04F79EFBC}") = "NotificationService.Domain", "NotificationService\src\NotificationService.Domain\NotificationService.Domain.csproj", "{CAE857A8-562E-D32F-82BF-D0C5CAAC3328}"
EndProject
Project("{FAE04EC0-301F-11D3-BF4B-00C04F79EFBC}") = "NotificationService.Infra", "NotificationService\src\NotificationService.Infra\NotificationService.Infra.csproj", "{1DE8E420-AE73-F090-D95D-2F3CAECFC4DD}"
EndProject
Project("{FAE04EC0-301F-11D3-BF4B-00C04F79EFBC}") = "Notification.Domain.Tests", "NotificationService\tests\Notification.Domain.Tests\Notification.Domain.Tests.csproj", "{3DC2CC1B-245B-38F7-5095-8A6FB3236EFF}"
EndProject
Project("{2150E333-8FDC-42A3-9474-1A3956D46DE8}") = "src", "src", "{9F91E67E-8D63-4AFB-9273-13CC31AFC805}"
EndProject
Project("{2150E333-8FDC-42A3-9474-1A3956D46DE8}") = "tests", "tests", "{E52F8D4A-25C9-4935-8F7D-61932BCD29F3}"
EndProject
Project("{2150E333-8FDC-42A3-9474-1A3956D46DE8}") = "src", "src", "{6A51F907-871E-4F24-BE70-5661C95D71C9}"
EndProject
Project("{2150E333-8FDC-42A3-9474-1A3956D46DE8}") = "tests", "tests", "{6CF4054E-F2C7-46B3-8677-937CC0840A13}"
EndProject
Project("{2150E333-8FDC-42A3-9474-1A3956D46DE8}") = "src", "src", "{98D2F565-5BD2-4179-81F7-6ECC98E99EA6}"
EndProject
Project("{2150E333-8FDC-42A3-9474-1A3956D46DE8}") = "tests", "tests", "{EAD7CE82-72A1-410F-98A5-70C9B9B07A99}"
EndProject
Project("{2150E333-8FDC-42A3-9474-1A3956D46DE8}") = "tests", "tests", "{01EFE8BD-4B9F-466A-89AC-5A29B5903AD9}"
EndProject
Project("{2150E333-8FDC-42A3-9474-1A3956D46DE8}") = "src", "src", "{9DAAAF12-493A-4295-B5B3-B1720B061C7E}"
EndProject
Project("{2150E333-8FDC-42A3-9474-1A3956D46DE8}") = "src", "src", "{3A67AD4A-B780-4B86-9654-CFB8B7979F35}"
EndProject
Project("{2150E333-8FDC-42A3-9474-1A3956D46DE8}") = "tests", "tests", "{18FB924F-EB25-411B-AB14-552E9520E3E9}"
EndProject
Project("{2150E333-8FDC-42A3-9474-1A3956D46DE8}") = "tests", "tests", "{11549A04-2120-4AA6-85EF-19BA60A78685}"
EndProject
Project("{FAE04EC0-301F-11D3-BF4B-00C04F79EFBC}") = "UserService.Domain.Tests", "UserService\tests\UserService.Domain.Tests\UserService.Domain.Tests.csproj", "{FFC2ED4F-3764-6A06-4807-DFEE4B155C24}"
EndProject
Project("{2150E333-8FDC-42A3-9474-1A3956D46DE8}") = "src", "src", "{AEF79529-EF3D-42F9-9C96-A7E4195C88BF}"
EndProject
Project("{FAE04EC0-301F-11D3-BF4B-00C04F79EFBC}") = "UserService.Api", "UserService\src\UserService.api\UserService.Api.csproj", "{76CF85A8-59B3-72C3-E9EA-E73091F8995D}"
EndProject
Project("{FAE04EC0-301F-11D3-BF4B-00C04F79EFBC}") = "UserService.App", "UserService\src\UserService.App\UserService.App.csproj", "{E0F747EA-2AAC-C3AE-F7B2-E65CA3BDDAAC}"
EndProject
Project("{FAE04EC0-301F-11D3-BF4B-00C04F79EFBC}") = "UserService.Domain", "UserService\src\UserService.Domain\UserService.Domain.csproj", "{21D4C642-7E00-E09B-3075-8C74062B63FA}"
EndProject
Project("{FAE04EC0-301F-11D3-BF4B-00C04F79EFBC}") = "UserService.Infra", "UserService\src\UserService.Infra\UserService.Infra.csproj", "{909C4A19-5B39-78BA-B119-B641AFA0AC78}"
EndProject
Project("{FAE04EC0-301F-11D3-BF4B-00C04F79EFBC}") = "UserService.Contracts", "UserService\src\UserService.Contracts\UserService.Contracts.csproj", "{C8DE6C1A-BE3F-15B8-25D3-A8C062AD3622}"
EndProject
Project("{2150E333-8FDC-42A3-9474-1A3956D46DE8}") = "ApiGateway", "ApiGateway", "{79F5B142-F903-497D-B02B-3145EDA3665D}"
EndProject
Project("{FAE04EC0-301F-11D3-BF4B-00C04F79EFBC}") = "ProductsService.Integration.Tests", "ProductService\tests\ProductsService.Integration.Tests\ProductsService.Integration.Tests.csproj", "{C804D03B-6D6F-8644-421A-A3AB157D68F3}"
EndProject
Project("{FAE04EC0-301F-11D3-BF4B-00C04F79EFBC}") = "ProductsService.Domain.Tests", "ProductService\tests\ProductsService.Domain.Tests\ProductsService.Domain.Tests.csproj", "{C67D74C9-20F9-E175-2046-81A0A1621287}"
EndProject
Project("{FAE04EC0-301F-11D3-BF4B-00C04F79EFBC}") = "ProductService.API", "ProductService\src\ProductService.API\ProductService.API.csproj", "{D3529011-CE60-16AE-3AAA-2F832EF988AC}"
EndProject
Project("{FAE04EC0-301F-11D3-BF4B-00C04F79EFBC}") = "ProductService.Application", "ProductService\src\ProductService.Application\ProductService.Application.csproj", "{7E2151F2-C100-6039-5716-FEB1E7985E99}"
EndProject
Project("{FAE04EC0-301F-11D3-BF4B-00C04F79EFBC}") = "ProductService.Domain", "ProductService\src\ProductService.Domain\ProductService.Domain.csproj", "{ED94EE65-A94D-7004-3AA1-245FBA3014D2}"
EndProject
Project("{FAE04EC0-301F-11D3-BF4B-00C04F79EFBC}") = "ProductService.Infrastructure", "ProductService\src\ProductService.Infra\ProductService.Infrastructure.csproj", "{3E82F6BE-F563-BA9E-91CD-A12EF22CE5D1}"
EndProject
Project("{2150E333-8FDC-42A3-9474-1A3956D46DE8}") = "Shared", "Shared", "{FEC02FD8-F234-4AE6-A00C-F5A9E2060FF6}"
EndProject
Project("{FAE04EC0-301F-11D3-BF4B-00C04F79EFBC}") = "Shared.Contracts", "Shared\Shared.Contracts\Shared.Contracts.csproj", "{3E49BF17-0785-41A4-B978-80E8ADA09246}"
EndProject
Project("{FAE04EC0-301F-11D3-BF4B-00C04F79EFBC}") = "SaleService.Domain.Tests", "SaleService\tests\SaleService.Domain.Tests\SaleService.Domain.Tests.csproj", "{BB4AD8B9-D07D-8F9C-E62C-DED4281DE552}"
EndProject
Project("{FAE04EC0-301F-11D3-BF4B-00C04F79EFBC}") = "SaleService.Api", "SaleService\src\SaleService.Api\SaleService.Api.csproj", "{23652A1F-C28D-5660-35A9-47C8C16B7EF6}"
EndProject
Project("{FAE04EC0-301F-11D3-BF4B-00C04F79EFBC}") = "SaleService.App", "SaleService\src\SaleService.App\SaleService.App.csproj", "{14FE7596-9134-CAA8-CDEB-EBCF4C88A4CE}"
EndProject
Project("{FAE04EC0-301F-11D3-BF4B-00C04F79EFBC}") = "SaleService.Domain", "SaleService\src\SaleService.Domain\SaleService.Domain.csproj", "{1B8289BC-32D8-465F-7085-389A1B38D93A}"
EndProject
Project("{FAE04EC0-301F-11D3-BF4B-00C04F79EFBC}") = "SaleService.Infra", "SaleService\src\SaleService.Infra\SaleService.Infra.csproj", "{C20E910A-5125-CA8A-6AD8-277397BB3404}"
EndProject
Project("{FAE04EC0-301F-11D3-BF4B-00C04F79EFBC}") = "PaymentService.Api", "PaymentService\src\PaymentService.Api\PaymentService.Api.csproj", "{A003B908-490E-DBB0-ABA2-65DD0355C6C5}"
EndProject
Project("{FAE04EC0-301F-11D3-BF4B-00C04F79EFBC}") = "PaymentService.App", "PaymentService\src\PaymentService.App\PaymentService.App.csproj", "{0B5029F8-3CC5-E10C-46D9-46FA6B74EF65}"
EndProject
Project("{FAE04EC0-301F-11D3-BF4B-00C04F79EFBC}") = "PaymentService.Domain", "PaymentService\src\PaymentService.Domain\PaymentService.Domain.csproj", "{3B180ED8-8509-72D3-086E-3773091FEF1B}"
EndProject
Project("{FAE04EC0-301F-11D3-BF4B-00C04F79EFBC}") = "PaymentService.Infra", "PaymentService\src\PaymentService.Infra\PaymentService.Infra.csproj", "{39C37EFE-F6FE-7AE1-B6ED-571991669251}"
EndProject
Project("{FAE04EC0-301F-11D3-BF4B-00C04F79EFBC}") = "Payments.Domain.Tests", "PaymentService\tests\PaymentService.Domain.Tests\Payments.Domain.Tests.csproj", "{E5BBCCCF-DCFC-FE6D-7897-680ACE94FE94}"
EndProject
Project("{2150E333-8FDC-42A3-9474-1A3956D46DE8}") = "infra", "infra", "{53F523D0-69CC-476D-BBFC-6D8F55EDF853}"
EndProject
Project("{2150E333-8FDC-42A3-9474-1A3956D46DE8}") = "dev", "dev", "{33109BC4-2188-410F-9C83-0D55FA363289}"
	ProjectSection(SolutionItems) = preProject
		ApiGateway\infra\dev\docker-compose.yml = ApiGateway\infra\dev\docker-compose.yml
		ApiGateway\infra\dev\docker-start.bat = ApiGateway\infra\dev\docker-start.bat
	EndProjectSection
EndProject
Project("{2150E333-8FDC-42A3-9474-1A3956D46DE8}") = "prod", "prod", "{CE7B60BF-8053-4FF4-B991-13EE14D5F7A2}"
	ProjectSection(SolutionItems) = preProject
		ApiGateway\infra\prod\docker-compose.yml = ApiGateway\infra\prod\docker-compose.yml
	EndProjectSection
EndProject
Project("{2150E333-8FDC-42A3-9474-1A3956D46DE8}") = "nginx", "nginx", "{E91C3935-8240-4727-BD95-26F3252A0C21}"
	ProjectSection(SolutionItems) = preProject
		ApiGateway\nginx\nginx.conf = ApiGateway\nginx\nginx.conf
	EndProjectSection
EndProject
Global
	GlobalSection(SolutionConfigurationPlatforms) = preSolution
		Debug|Any CPU = Debug|Any CPU
		Release|Any CPU = Release|Any CPU
	EndGlobalSection
	GlobalSection(ProjectConfigurationPlatforms) = postSolution
		{5A01A667-93E5-6866-20FA-A61375223A23}.Debug|Any CPU.ActiveCfg = Debug|Any CPU
		{5A01A667-93E5-6866-20FA-A61375223A23}.Debug|Any CPU.Build.0 = Debug|Any CPU
		{5A01A667-93E5-6866-20FA-A61375223A23}.Release|Any CPU.ActiveCfg = Release|Any CPU
		{5A01A667-93E5-6866-20FA-A61375223A23}.Release|Any CPU.Build.0 = Release|Any CPU
		{211A9FB3-A2DD-47FE-23FD-FDA82CE2F58A}.Debug|Any CPU.ActiveCfg = Debug|Any CPU
		{211A9FB3-A2DD-47FE-23FD-FDA82CE2F58A}.Debug|Any CPU.Build.0 = Debug|Any CPU
		{211A9FB3-A2DD-47FE-23FD-FDA82CE2F58A}.Release|Any CPU.ActiveCfg = Release|Any CPU
		{211A9FB3-A2DD-47FE-23FD-FDA82CE2F58A}.Release|Any CPU.Build.0 = Release|Any CPU
		{39E09B83-CA07-9ED5-BDF1-1DBD4901A639}.Debug|Any CPU.ActiveCfg = Debug|Any CPU
		{39E09B83-CA07-9ED5-BDF1-1DBD4901A639}.Debug|Any CPU.Build.0 = Debug|Any CPU
		{39E09B83-CA07-9ED5-BDF1-1DBD4901A639}.Release|Any CPU.ActiveCfg = Release|Any CPU
		{39E09B83-CA07-9ED5-BDF1-1DBD4901A639}.Release|Any CPU.Build.0 = Release|Any CPU
		{7FBDFF50-EE19-E29E-1A28-781E9416FE5E}.Debug|Any CPU.ActiveCfg = Debug|Any CPU
		{7FBDFF50-EE19-E29E-1A28-781E9416FE5E}.Debug|Any CPU.Build.0 = Debug|Any CPU
		{7FBDFF50-EE19-E29E-1A28-781E9416FE5E}.Release|Any CPU.ActiveCfg = Release|Any CPU
		{7FBDFF50-EE19-E29E-1A28-781E9416FE5E}.Release|Any CPU.Build.0 = Release|Any CPU
		{F29DBFFC-2D76-AC09-12A0-3F07EEF40C5F}.Debug|Any CPU.ActiveCfg = Debug|Any CPU
		{F29DBFFC-2D76-AC09-12A0-3F07EEF40C5F}.Debug|Any CPU.Build.0 = Debug|Any CPU
		{F29DBFFC-2D76-AC09-12A0-3F07EEF40C5F}.Release|Any CPU.ActiveCfg = Release|Any CPU
		{F29DBFFC-2D76-AC09-12A0-3F07EEF40C5F}.Release|Any CPU.Build.0 = Release|Any CPU
		{738A4C89-8B1D-EF1F-4969-09B982BFFCC0}.Debug|Any CPU.ActiveCfg = Debug|Any CPU
		{738A4C89-8B1D-EF1F-4969-09B982BFFCC0}.Debug|Any CPU.Build.0 = Debug|Any CPU
		{738A4C89-8B1D-EF1F-4969-09B982BFFCC0}.Release|Any CPU.ActiveCfg = Release|Any CPU
		{738A4C89-8B1D-EF1F-4969-09B982BFFCC0}.Release|Any CPU.Build.0 = Release|Any CPU
		{7F77D144-761E-BADF-560A-F5D13B8F9277}.Debug|Any CPU.ActiveCfg = Debug|Any CPU
		{7F77D144-761E-BADF-560A-F5D13B8F9277}.Debug|Any CPU.Build.0 = Debug|Any CPU
		{7F77D144-761E-BADF-560A-F5D13B8F9277}.Release|Any CPU.ActiveCfg = Release|Any CPU
		{7F77D144-761E-BADF-560A-F5D13B8F9277}.Release|Any CPU.Build.0 = Release|Any CPU
		{FB1A253A-9628-FD32-CC00-E6A5795F62A3}.Debug|Any CPU.ActiveCfg = Debug|Any CPU
		{FB1A253A-9628-FD32-CC00-E6A5795F62A3}.Debug|Any CPU.Build.0 = Debug|Any CPU
		{FB1A253A-9628-FD32-CC00-E6A5795F62A3}.Release|Any CPU.ActiveCfg = Release|Any CPU
		{FB1A253A-9628-FD32-CC00-E6A5795F62A3}.Release|Any CPU.Build.0 = Release|Any CPU
		{CAE857A8-562E-D32F-82BF-D0C5CAAC3328}.Debug|Any CPU.ActiveCfg = Debug|Any CPU
		{CAE857A8-562E-D32F-82BF-D0C5CAAC3328}.Debug|Any CPU.Build.0 = Debug|Any CPU
		{CAE857A8-562E-D32F-82BF-D0C5CAAC3328}.Release|Any CPU.ActiveCfg = Release|Any CPU
		{CAE857A8-562E-D32F-82BF-D0C5CAAC3328}.Release|Any CPU.Build.0 = Release|Any CPU
		{1DE8E420-AE73-F090-D95D-2F3CAECFC4DD}.Debug|Any CPU.ActiveCfg = Debug|Any CPU
		{1DE8E420-AE73-F090-D95D-2F3CAECFC4DD}.Debug|Any CPU.Build.0 = Debug|Any CPU
		{1DE8E420-AE73-F090-D95D-2F3CAECFC4DD}.Release|Any CPU.ActiveCfg = Release|Any CPU
		{1DE8E420-AE73-F090-D95D-2F3CAECFC4DD}.Release|Any CPU.Build.0 = Release|Any CPU
		{3DC2CC1B-245B-38F7-5095-8A6FB3236EFF}.Debug|Any CPU.ActiveCfg = Debug|Any CPU
		{3DC2CC1B-245B-38F7-5095-8A6FB3236EFF}.Debug|Any CPU.Build.0 = Debug|Any CPU
		{3DC2CC1B-245B-38F7-5095-8A6FB3236EFF}.Release|Any CPU.ActiveCfg = Release|Any CPU
		{3DC2CC1B-245B-38F7-5095-8A6FB3236EFF}.Release|Any CPU.Build.0 = Release|Any CPU
		{FFC2ED4F-3764-6A06-4807-DFEE4B155C24}.Debug|Any CPU.ActiveCfg = Debug|Any CPU
		{FFC2ED4F-3764-6A06-4807-DFEE4B155C24}.Debug|Any CPU.Build.0 = Debug|Any CPU
		{FFC2ED4F-3764-6A06-4807-DFEE4B155C24}.Release|Any CPU.ActiveCfg = Release|Any CPU
		{FFC2ED4F-3764-6A06-4807-DFEE4B155C24}.Release|Any CPU.Build.0 = Release|Any CPU
		{76CF85A8-59B3-72C3-E9EA-E73091F8995D}.Debug|Any CPU.ActiveCfg = Debug|Any CPU
		{76CF85A8-59B3-72C3-E9EA-E73091F8995D}.Debug|Any CPU.Build.0 = Debug|Any CPU
		{76CF85A8-59B3-72C3-E9EA-E73091F8995D}.Release|Any CPU.ActiveCfg = Release|Any CPU
		{76CF85A8-59B3-72C3-E9EA-E73091F8995D}.Release|Any CPU.Build.0 = Release|Any CPU
		{E0F747EA-2AAC-C3AE-F7B2-E65CA3BDDAAC}.Debug|Any CPU.ActiveCfg = Debug|Any CPU
		{E0F747EA-2AAC-C3AE-F7B2-E65CA3BDDAAC}.Debug|Any CPU.Build.0 = Debug|Any CPU
		{E0F747EA-2AAC-C3AE-F7B2-E65CA3BDDAAC}.Release|Any CPU.ActiveCfg = Release|Any CPU
		{E0F747EA-2AAC-C3AE-F7B2-E65CA3BDDAAC}.Release|Any CPU.Build.0 = Release|Any CPU
		{21D4C642-7E00-E09B-3075-8C74062B63FA}.Debug|Any CPU.ActiveCfg = Debug|Any CPU
		{21D4C642-7E00-E09B-3075-8C74062B63FA}.Debug|Any CPU.Build.0 = Debug|Any CPU
		{21D4C642-7E00-E09B-3075-8C74062B63FA}.Release|Any CPU.ActiveCfg = Release|Any CPU
		{21D4C642-7E00-E09B-3075-8C74062B63FA}.Release|Any CPU.Build.0 = Release|Any CPU
		{909C4A19-5B39-78BA-B119-B641AFA0AC78}.Debug|Any CPU.ActiveCfg = Debug|Any CPU
		{909C4A19-5B39-78BA-B119-B641AFA0AC78}.Debug|Any CPU.Build.0 = Debug|Any CPU
		{909C4A19-5B39-78BA-B119-B641AFA0AC78}.Release|Any CPU.ActiveCfg = Release|Any CPU
		{909C4A19-5B39-78BA-B119-B641AFA0AC78}.Release|Any CPU.Build.0 = Release|Any CPU
		{C8DE6C1A-BE3F-15B8-25D3-A8C062AD3622}.Debug|Any CPU.ActiveCfg = Debug|Any CPU
		{C8DE6C1A-BE3F-15B8-25D3-A8C062AD3622}.Debug|Any CPU.Build.0 = Debug|Any CPU
		{C8DE6C1A-BE3F-15B8-25D3-A8C062AD3622}.Release|Any CPU.ActiveCfg = Release|Any CPU
		{C8DE6C1A-BE3F-15B8-25D3-A8C062AD3622}.Release|Any CPU.Build.0 = Release|Any CPU
		{C804D03B-6D6F-8644-421A-A3AB157D68F3}.Debug|Any CPU.ActiveCfg = Debug|Any CPU
		{C804D03B-6D6F-8644-421A-A3AB157D68F3}.Debug|Any CPU.Build.0 = Debug|Any CPU
		{C804D03B-6D6F-8644-421A-A3AB157D68F3}.Release|Any CPU.ActiveCfg = Release|Any CPU
		{C804D03B-6D6F-8644-421A-A3AB157D68F3}.Release|Any CPU.Build.0 = Release|Any CPU
		{C67D74C9-20F9-E175-2046-81A0A1621287}.Debug|Any CPU.ActiveCfg = Debug|Any CPU
		{C67D74C9-20F9-E175-2046-81A0A1621287}.Debug|Any CPU.Build.0 = Debug|Any CPU
		{C67D74C9-20F9-E175-2046-81A0A1621287}.Release|Any CPU.ActiveCfg = Release|Any CPU
		{C67D74C9-20F9-E175-2046-81A0A1621287}.Release|Any CPU.Build.0 = Release|Any CPU
		{D3529011-CE60-16AE-3AAA-2F832EF988AC}.Debug|Any CPU.ActiveCfg = Debug|Any CPU
		{D3529011-CE60-16AE-3AAA-2F832EF988AC}.Debug|Any CPU.Build.0 = Debug|Any CPU
		{D3529011-CE60-16AE-3AAA-2F832EF988AC}.Release|Any CPU.ActiveCfg = Release|Any CPU
		{D3529011-CE60-16AE-3AAA-2F832EF988AC}.Release|Any CPU.Build.0 = Release|Any CPU
		{7E2151F2-C100-6039-5716-FEB1E7985E99}.Debug|Any CPU.ActiveCfg = Debug|Any CPU
		{7E2151F2-C100-6039-5716-FEB1E7985E99}.Debug|Any CPU.Build.0 = Debug|Any CPU
		{7E2151F2-C100-6039-5716-FEB1E7985E99}.Release|Any CPU.ActiveCfg = Release|Any CPU
		{7E2151F2-C100-6039-5716-FEB1E7985E99}.Release|Any CPU.Build.0 = Release|Any CPU
		{ED94EE65-A94D-7004-3AA1-245FBA3014D2}.Debug|Any CPU.ActiveCfg = Debug|Any CPU
		{ED94EE65-A94D-7004-3AA1-245FBA3014D2}.Debug|Any CPU.Build.0 = Debug|Any CPU
		{ED94EE65-A94D-7004-3AA1-245FBA3014D2}.Release|Any CPU.ActiveCfg = Release|Any CPU
		{ED94EE65-A94D-7004-3AA1-245FBA3014D2}.Release|Any CPU.Build.0 = Release|Any CPU
		{3E82F6BE-F563-BA9E-91CD-A12EF22CE5D1}.Debug|Any CPU.ActiveCfg = Debug|Any CPU
		{3E82F6BE-F563-BA9E-91CD-A12EF22CE5D1}.Debug|Any CPU.Build.0 = Debug|Any CPU
		{3E82F6BE-F563-BA9E-91CD-A12EF22CE5D1}.Release|Any CPU.ActiveCfg = Release|Any CPU
		{3E82F6BE-F563-BA9E-91CD-A12EF22CE5D1}.Release|Any CPU.Build.0 = Release|Any CPU
		{3E49BF17-0785-41A4-B978-80E8ADA09246}.Debug|Any CPU.ActiveCfg = Debug|Any CPU
		{3E49BF17-0785-41A4-B978-80E8ADA09246}.Debug|Any CPU.Build.0 = Debug|Any CPU
		{3E49BF17-0785-41A4-B978-80E8ADA09246}.Release|Any CPU.ActiveCfg = Release|Any CPU
		{3E49BF17-0785-41A4-B978-80E8ADA09246}.Release|Any CPU.Build.0 = Release|Any CPU
		{BB4AD8B9-D07D-8F9C-E62C-DED4281DE552}.Debug|Any CPU.ActiveCfg = Debug|Any CPU
		{BB4AD8B9-D07D-8F9C-E62C-DED4281DE552}.Debug|Any CPU.Build.0 = Debug|Any CPU
		{BB4AD8B9-D07D-8F9C-E62C-DED4281DE552}.Release|Any CPU.ActiveCfg = Release|Any CPU
		{BB4AD8B9-D07D-8F9C-E62C-DED4281DE552}.Release|Any CPU.Build.0 = Release|Any CPU
		{23652A1F-C28D-5660-35A9-47C8C16B7EF6}.Debug|Any CPU.ActiveCfg = Debug|Any CPU
		{23652A1F-C28D-5660-35A9-47C8C16B7EF6}.Debug|Any CPU.Build.0 = Debug|Any CPU
		{23652A1F-C28D-5660-35A9-47C8C16B7EF6}.Release|Any CPU.ActiveCfg = Release|Any CPU
		{23652A1F-C28D-5660-35A9-47C8C16B7EF6}.Release|Any CPU.Build.0 = Release|Any CPU
		{14FE7596-9134-CAA8-CDEB-EBCF4C88A4CE}.Debug|Any CPU.ActiveCfg = Debug|Any CPU
		{14FE7596-9134-CAA8-CDEB-EBCF4C88A4CE}.Debug|Any CPU.Build.0 = Debug|Any CPU
		{14FE7596-9134-CAA8-CDEB-EBCF4C88A4CE}.Release|Any CPU.ActiveCfg = Release|Any CPU
		{14FE7596-9134-CAA8-CDEB-EBCF4C88A4CE}.Release|Any CPU.Build.0 = Release|Any CPU
		{1B8289BC-32D8-465F-7085-389A1B38D93A}.Debug|Any CPU.ActiveCfg = Debug|Any CPU
		{1B8289BC-32D8-465F-7085-389A1B38D93A}.Debug|Any CPU.Build.0 = Debug|Any CPU
		{1B8289BC-32D8-465F-7085-389A1B38D93A}.Release|Any CPU.ActiveCfg = Release|Any CPU
		{1B8289BC-32D8-465F-7085-389A1B38D93A}.Release|Any CPU.Build.0 = Release|Any CPU
		{C20E910A-5125-CA8A-6AD8-277397BB3404}.Debug|Any CPU.ActiveCfg = Debug|Any CPU
		{C20E910A-5125-CA8A-6AD8-277397BB3404}.Debug|Any CPU.Build.0 = Debug|Any CPU
		{C20E910A-5125-CA8A-6AD8-277397BB3404}.Release|Any CPU.ActiveCfg = Release|Any CPU
		{C20E910A-5125-CA8A-6AD8-277397BB3404}.Release|Any CPU.Build.0 = Release|Any CPU
		{A003B908-490E-DBB0-ABA2-65DD0355C6C5}.Debug|Any CPU.ActiveCfg = Debug|Any CPU
		{A003B908-490E-DBB0-ABA2-65DD0355C6C5}.Debug|Any CPU.Build.0 = Debug|Any CPU
		{A003B908-490E-DBB0-ABA2-65DD0355C6C5}.Release|Any CPU.ActiveCfg = Release|Any CPU
		{A003B908-490E-DBB0-ABA2-65DD0355C6C5}.Release|Any CPU.Build.0 = Release|Any CPU
		{0B5029F8-3CC5-E10C-46D9-46FA6B74EF65}.Debug|Any CPU.ActiveCfg = Debug|Any CPU
		{0B5029F8-3CC5-E10C-46D9-46FA6B74EF65}.Debug|Any CPU.Build.0 = Debug|Any CPU
		{0B5029F8-3CC5-E10C-46D9-46FA6B74EF65}.Release|Any CPU.ActiveCfg = Release|Any CPU
		{0B5029F8-3CC5-E10C-46D9-46FA6B74EF65}.Release|Any CPU.Build.0 = Release|Any CPU
		{3B180ED8-8509-72D3-086E-3773091FEF1B}.Debug|Any CPU.ActiveCfg = Debug|Any CPU
		{3B180ED8-8509-72D3-086E-3773091FEF1B}.Debug|Any CPU.Build.0 = Debug|Any CPU
		{3B180ED8-8509-72D3-086E-3773091FEF1B}.Release|Any CPU.ActiveCfg = Release|Any CPU
		{3B180ED8-8509-72D3-086E-3773091FEF1B}.Release|Any CPU.Build.0 = Release|Any CPU
		{39C37EFE-F6FE-7AE1-B6ED-571991669251}.Debug|Any CPU.ActiveCfg = Debug|Any CPU
		{39C37EFE-F6FE-7AE1-B6ED-571991669251}.Debug|Any CPU.Build.0 = Debug|Any CPU
		{39C37EFE-F6FE-7AE1-B6ED-571991669251}.Release|Any CPU.ActiveCfg = Release|Any CPU
		{39C37EFE-F6FE-7AE1-B6ED-571991669251}.Release|Any CPU.Build.0 = Release|Any CPU
		{E5BBCCCF-DCFC-FE6D-7897-680ACE94FE94}.Debug|Any CPU.ActiveCfg = Debug|Any CPU
		{E5BBCCCF-DCFC-FE6D-7897-680ACE94FE94}.Debug|Any CPU.Build.0 = Debug|Any CPU
		{E5BBCCCF-DCFC-FE6D-7897-680ACE94FE94}.Release|Any CPU.ActiveCfg = Release|Any CPU
		{E5BBCCCF-DCFC-FE6D-7897-680ACE94FE94}.Release|Any CPU.Build.0 = Release|Any CPU
	EndGlobalSection
	GlobalSection(SolutionProperties) = preSolution
		HideSolutionNode = FALSE
	EndGlobalSection
	GlobalSection(NestedProjects) = preSolution
		{05014CA9-555E-4DF8-955A-E7DB6D6F6682} = {FEC02FD8-F234-4AE6-A00C-F5A9E2060FF6}
		{5A01A667-93E5-6866-20FA-A61375223A23} = {9F91E67E-8D63-4AFB-9273-13CC31AFC805}
		{211A9FB3-A2DD-47FE-23FD-FDA82CE2F58A} = {9F91E67E-8D63-4AFB-9273-13CC31AFC805}
		{39E09B83-CA07-9ED5-BDF1-1DBD4901A639} = {9F91E67E-8D63-4AFB-9273-13CC31AFC805}
		{7FBDFF50-EE19-E29E-1A28-781E9416FE5E} = {9F91E67E-8D63-4AFB-9273-13CC31AFC805}
		{F29DBFFC-2D76-AC09-12A0-3F07EEF40C5F} = {9F91E67E-8D63-4AFB-9273-13CC31AFC805}
		{738A4C89-8B1D-EF1F-4969-09B982BFFCC0} = {E52F8D4A-25C9-4935-8F7D-61932BCD29F3}
		{7F77D144-761E-BADF-560A-F5D13B8F9277} = {6A51F907-871E-4F24-BE70-5661C95D71C9}
		{FB1A253A-9628-FD32-CC00-E6A5795F62A3} = {6A51F907-871E-4F24-BE70-5661C95D71C9}
		{CAE857A8-562E-D32F-82BF-D0C5CAAC3328} = {6A51F907-871E-4F24-BE70-5661C95D71C9}
		{1DE8E420-AE73-F090-D95D-2F3CAECFC4DD} = {6A51F907-871E-4F24-BE70-5661C95D71C9}
		{3DC2CC1B-245B-38F7-5095-8A6FB3236EFF} = {6CF4054E-F2C7-46B3-8677-937CC0840A13}
		{9F91E67E-8D63-4AFB-9273-13CC31AFC805} = {F37A72E5-1150-4CCB-B4DC-83691A440C07}
		{E52F8D4A-25C9-4935-8F7D-61932BCD29F3} = {F37A72E5-1150-4CCB-B4DC-83691A440C07}
		{6A51F907-871E-4F24-BE70-5661C95D71C9} = {EFBF4086-1D1C-474B-B4FB-09BD0BBABC47}
		{6CF4054E-F2C7-46B3-8677-937CC0840A13} = {EFBF4086-1D1C-474B-B4FB-09BD0BBABC47}
		{98D2F565-5BD2-4179-81F7-6ECC98E99EA6} = {58280A69-6B59-4AD7-9A16-DE664F1ABFB9}
		{EAD7CE82-72A1-410F-98A5-70C9B9B07A99} = {58280A69-6B59-4AD7-9A16-DE664F1ABFB9}
		{01EFE8BD-4B9F-466A-89AC-5A29B5903AD9} = {02EA681E-C7D8-13C7-8484-4AC65E1B71E8}
		{9DAAAF12-493A-4295-B5B3-B1720B061C7E} = {02EA681E-C7D8-13C7-8484-4AC65E1B71E8}
		{3A67AD4A-B780-4B86-9654-CFB8B7979F35} = {14571FF2-9427-41AC-B3AE-3D557F483D12}
		{18FB924F-EB25-411B-AB14-552E9520E3E9} = {14571FF2-9427-41AC-B3AE-3D557F483D12}
		{11549A04-2120-4AA6-85EF-19BA60A78685} = {0342BD75-4638-49A4-99EB-1440289EBD35}
		{FFC2ED4F-3764-6A06-4807-DFEE4B155C24} = {11549A04-2120-4AA6-85EF-19BA60A78685}
		{AEF79529-EF3D-42F9-9C96-A7E4195C88BF} = {0342BD75-4638-49A4-99EB-1440289EBD35}
		{76CF85A8-59B3-72C3-E9EA-E73091F8995D} = {AEF79529-EF3D-42F9-9C96-A7E4195C88BF}
		{E0F747EA-2AAC-C3AE-F7B2-E65CA3BDDAAC} = {AEF79529-EF3D-42F9-9C96-A7E4195C88BF}
		{21D4C642-7E00-E09B-3075-8C74062B63FA} = {AEF79529-EF3D-42F9-9C96-A7E4195C88BF}
		{909C4A19-5B39-78BA-B119-B641AFA0AC78} = {AEF79529-EF3D-42F9-9C96-A7E4195C88BF}
		{C8DE6C1A-BE3F-15B8-25D3-A8C062AD3622} = {AEF79529-EF3D-42F9-9C96-A7E4195C88BF}
		{C804D03B-6D6F-8644-421A-A3AB157D68F3} = {01EFE8BD-4B9F-466A-89AC-5A29B5903AD9}
		{C67D74C9-20F9-E175-2046-81A0A1621287} = {01EFE8BD-4B9F-466A-89AC-5A29B5903AD9}
		{D3529011-CE60-16AE-3AAA-2F832EF988AC} = {9DAAAF12-493A-4295-B5B3-B1720B061C7E}
		{7E2151F2-C100-6039-5716-FEB1E7985E99} = {9DAAAF12-493A-4295-B5B3-B1720B061C7E}
		{ED94EE65-A94D-7004-3AA1-245FBA3014D2} = {9DAAAF12-493A-4295-B5B3-B1720B061C7E}
		{3E82F6BE-F563-BA9E-91CD-A12EF22CE5D1} = {9DAAAF12-493A-4295-B5B3-B1720B061C7E}
		{3E49BF17-0785-41A4-B978-80E8ADA09246} = {05014CA9-555E-4DF8-955A-E7DB6D6F6682}
		{BB4AD8B9-D07D-8F9C-E62C-DED4281DE552} = {18FB924F-EB25-411B-AB14-552E9520E3E9}
		{23652A1F-C28D-5660-35A9-47C8C16B7EF6} = {3A67AD4A-B780-4B86-9654-CFB8B7979F35}
		{14FE7596-9134-CAA8-CDEB-EBCF4C88A4CE} = {3A67AD4A-B780-4B86-9654-CFB8B7979F35}
		{1B8289BC-32D8-465F-7085-389A1B38D93A} = {3A67AD4A-B780-4B86-9654-CFB8B7979F35}
		{C20E910A-5125-CA8A-6AD8-277397BB3404} = {3A67AD4A-B780-4B86-9654-CFB8B7979F35}
		{A003B908-490E-DBB0-ABA2-65DD0355C6C5} = {98D2F565-5BD2-4179-81F7-6ECC98E99EA6}
		{0B5029F8-3CC5-E10C-46D9-46FA6B74EF65} = {98D2F565-5BD2-4179-81F7-6ECC98E99EA6}
		{3B180ED8-8509-72D3-086E-3773091FEF1B} = {98D2F565-5BD2-4179-81F7-6ECC98E99EA6}
		{39C37EFE-F6FE-7AE1-B6ED-571991669251} = {98D2F565-5BD2-4179-81F7-6ECC98E99EA6}
		{E5BBCCCF-DCFC-FE6D-7897-680ACE94FE94} = {EAD7CE82-72A1-410F-98A5-70C9B9B07A99}
		{53F523D0-69CC-476D-BBFC-6D8F55EDF853} = {79F5B142-F903-497D-B02B-3145EDA3665D}
		{33109BC4-2188-410F-9C83-0D55FA363289} = {53F523D0-69CC-476D-BBFC-6D8F55EDF853}
		{CE7B60BF-8053-4FF4-B991-13EE14D5F7A2} = {53F523D0-69CC-476D-BBFC-6D8F55EDF853}
		{E91C3935-8240-4727-BD95-26F3252A0C21} = {79F5B142-F903-497D-B02B-3145EDA3665D}
	EndGlobalSection
	GlobalSection(ExtensibilityGlobals) = postSolution
		SolutionGuid = {944F477C-C794-4875-BD88-D9755ADEFB15}
	EndGlobalSection
EndGlobal
